
Microsoft Visual Studio Solution File, Format Version 12.00
# Visual Studio Version 16
VisualStudioVersion = 16.0.29326.143
MinimumVisualStudioVersion = 10.0.40219.1
Project("{FAE04EC0-301F-11D3-BF4B-00C04F79EFBC}") = "web439", "web439\web439.csproj", "{DB686DD5-8551-4D58-B799-EDBE14F07126}"
EndProject
Global
	GlobalSection(SolutionConfigurationPlatforms) = preSolution
		Debug|Any CPU = Debug|Any CPU
		Release|Any CPU = Release|Any CPU
	EndGlobalSection
	GlobalSection(ProjectConfigurationPlatforms) = postSolution
		{DB686DD5-8551-4D58-B799-EDBE14F07126}.Debug|Any CPU.ActiveCfg = Debug|Any CPU
		{DB686DD5-8551-4D58-B799-EDBE14F07126}.Debug|Any CPU.Build.0 = Debug|Any CPU
		{DB686DD5-8551-4D58-B799-EDBE14F07126}.Release|Any CPU.ActiveCfg = Release|Any CPU
		{DB686DD5-8551-4D58-B799-EDBE14F07126}.Release|Any CPU.Build.0 = Release|Any CPU
	EndGlobalSection
	GlobalSection(SolutionProperties) = preSolution
		HideSolutionNode = FALSE
	EndGlobalSection
	GlobalSection(ExtensibilityGlobals) = postSolution
		SolutionGuid = {ABAA4575-4DFB-4EFE-BFFB-D65F41CB65DE}
	EndGlobalSection
EndGlobal
