
Microsoft Visual Studio Solution File, Format Version 12.00
# Visual Studio Version 16
VisualStudioVersion = 16.0.29326.143
MinimumVisualStudioVersion = 10.0.40219.1
Project("{FAE04EC0-301F-11D3-BF4B-00C04F79EFBC}") = "app474", "app474\app474.csproj", "{370F0808-36E4-445A-8CA8-AFDC91172072}"
EndProject
Global
	GlobalSection(SolutionConfigurationPlatforms) = preSolution
		Debug|Any CPU = Debug|Any CPU
		Release|Any CPU = Release|Any CPU
	EndGlobalSection
	GlobalSection(ProjectConfigurationPlatforms) = postSolution
		{370F0808-36E4-445A-8CA8-AFDC91172072}.Debug|Any CPU.ActiveCfg = Debug|Any CPU
		{370F0808-36E4-445A-8CA8-AFDC91172072}.Debug|Any CPU.Build.0 = Debug|Any CPU
		{370F0808-36E4-445A-8CA8-AFDC91172072}.Release|Any CPU.ActiveCfg = Release|Any CPU
		{370F0808-36E4-445A-8CA8-AFDC91172072}.Release|Any CPU.Build.0 = Release|Any CPU
	EndGlobalSection
	GlobalSection(SolutionProperties) = preSolution
		HideSolutionNode = FALSE
	EndGlobalSection
	GlobalSection(ExtensibilityGlobals) = postSolution
		SolutionGuid = {EFB5E562-920A-4DC2-B02C-43300CEA4965}
	EndGlobalSection
EndGlobal
