
Microsoft Visual Studio Solution File, Format Version 12.00
# Visual Studio Version 16
VisualStudioVersion = 16.0.29102.190
MinimumVisualStudioVersion = 10.0.40219.1
Project("{FAE04EC0-301F-11D3-BF4B-00C04F79EFBC}") = "ui103", "ui103\ui103.csproj", "{B979EACD-FE91-4171-8E3E-F579E891788A}"
EndProject
Global
	GlobalSection(SolutionConfigurationPlatforms) = preSolution
		Debug|Any CPU = Debug|Any CPU
		Release|Any CPU = Release|Any CPU
	EndGlobalSection
	GlobalSection(ProjectConfigurationPlatforms) = postSolution
		{B979EACD-FE91-4171-8E3E-F579E891788A}.Debug|Any CPU.ActiveCfg = Debug|Any CPU
		{B979EACD-FE91-4171-8E3E-F579E891788A}.Debug|Any CPU.Build.0 = Debug|Any CPU
		{B979EACD-FE91-4171-8E3E-F579E891788A}.Release|Any CPU.ActiveCfg = Release|Any CPU
		{B979EACD-FE91-4171-8E3E-F579E891788A}.Release|Any CPU.Build.0 = Release|Any CPU
	EndGlobalSection
	GlobalSection(SolutionProperties) = preSolution
		HideSolutionNode = FALSE
	EndGlobalSection
	GlobalSection(ExtensibilityGlobals) = postSolution
		SolutionGuid = {44BB1C07-C4B3-464B-AA1B-C7487E35BF9C}
	EndGlobalSection
EndGlobal
