
Microsoft Visual Studio Solution File, Format Version 12.00
# Visual Studio Version 16
VisualStudioVersion = 16.0.29326.143
MinimumVisualStudioVersion = 10.0.40219.1
Project("{FAE04EC0-301F-11D3-BF4B-00C04F79EFBC}") = "web438", "web438\web438.csproj", "{9168ABA6-C534-411D-951D-1F6003E2FFDB}"
EndProject
Global
	GlobalSection(SolutionConfigurationPlatforms) = preSolution
		Debug|Any CPU = Debug|Any CPU
		Release|Any CPU = Release|Any CPU
	EndGlobalSection
	GlobalSection(ProjectConfigurationPlatforms) = postSolution
		{9168ABA6-C534-411D-951D-1F6003E2FFDB}.Debug|Any CPU.ActiveCfg = Debug|Any CPU
		{9168ABA6-C534-411D-951D-1F6003E2FFDB}.Debug|Any CPU.Build.0 = Debug|Any CPU
		{9168ABA6-C534-411D-951D-1F6003E2FFDB}.Release|Any CPU.ActiveCfg = Release|Any CPU
		{9168ABA6-C534-411D-951D-1F6003E2FFDB}.Release|Any CPU.Build.0 = Release|Any CPU
	EndGlobalSection
	GlobalSection(SolutionProperties) = preSolution
		HideSolutionNode = FALSE
	EndGlobalSection
	GlobalSection(ExtensibilityGlobals) = postSolution
		SolutionGuid = {A5B6D0F7-2D8F-4520-8071-23B8035DA6A8}
	EndGlobalSection
EndGlobal
