
Microsoft Visual Studio Solution File, Format Version 12.00
# Visual Studio Version 16
VisualStudioVersion = 16.0.29102.190
MinimumVisualStudioVersion = 10.0.40219.1
Project("{FAE04EC0-301F-11D3-BF4B-00C04F79EFBC}") = "graph370", "graph370\graph370.csproj", "{6F224273-2A51-4EBF-BA47-71561B1985D0}"
EndProject
Global
	GlobalSection(SolutionConfigurationPlatforms) = preSolution
		Debug|Any CPU = Debug|Any CPU
		Release|Any CPU = Release|Any CPU
	EndGlobalSection
	GlobalSection(ProjectConfigurationPlatforms) = postSolution
		{6F224273-2A51-4EBF-BA47-71561B1985D0}.Debug|Any CPU.ActiveCfg = Debug|Any CPU
		{6F224273-2A51-4EBF-BA47-71561B1985D0}.Debug|Any CPU.Build.0 = Debug|Any CPU
		{6F224273-2A51-4EBF-BA47-71561B1985D0}.Release|Any CPU.ActiveCfg = Release|Any CPU
		{6F224273-2A51-4EBF-BA47-71561B1985D0}.Release|Any CPU.Build.0 = Release|Any CPU
	EndGlobalSection
	GlobalSection(SolutionProperties) = preSolution
		HideSolutionNode = FALSE
	EndGlobalSection
	GlobalSection(ExtensibilityGlobals) = postSolution
		SolutionGuid = {4BDC55DF-D80D-4185-855D-5436D27FA3DE}
	EndGlobalSection
EndGlobal
