
Microsoft Visual Studio Solution File, Format Version 12.00
# Visual Studio Version 16
VisualStudioVersion = 16.0.30330.147
MinimumVisualStudioVersion = 10.0.40219.1
Project("{FAE04EC0-301F-11D3-BF4B-00C04F79EFBC}") = "Ajax＿jQuery＿API01", "Ajax＿jQuery＿API01\Ajax＿jQuery＿API01.csproj", "{68F3F5AE-B395-4962-9211-86BDB3B066C6}"
EndProject
Global
	GlobalSection(SolutionConfigurationPlatforms) = preSolution
		Debug|Any CPU = Debug|Any CPU
		Release|Any CPU = Release|Any CPU
	EndGlobalSection
	GlobalSection(ProjectConfigurationPlatforms) = postSolution
		{68F3F5AE-B395-4962-9211-86BDB3B066C6}.Debug|Any CPU.ActiveCfg = Debug|Any CPU
		{68F3F5AE-B395-4962-9211-86BDB3B066C6}.Debug|Any CPU.Build.0 = Debug|Any CPU
		{68F3F5AE-B395-4962-9211-86BDB3B066C6}.Release|Any CPU.ActiveCfg = Release|Any CPU
		{68F3F5AE-B395-4962-9211-86BDB3B066C6}.Release|Any CPU.Build.0 = Release|Any CPU
	EndGlobalSection
	GlobalSection(SolutionProperties) = preSolution
		HideSolutionNode = FALSE
	EndGlobalSection
	GlobalSection(ExtensibilityGlobals) = postSolution
		SolutionGuid = {7FED1993-F5A3-4889-A062-C6983562235F}
	EndGlobalSection
EndGlobal
