
Microsoft Visual Studio Solution File, Format Version 12.00
# Visual Studio Version 16
VisualStudioVersion = 16.0.29102.190
MinimumVisualStudioVersion = 10.0.40219.1
Project("{FAE04EC0-301F-11D3-BF4B-00C04F79EFBC}") = "ui104", "ui104\ui104.csproj", "{38D9E273-BAED-46B7-A512-D2B8D8FFD7B7}"
EndProject
Global
	GlobalSection(SolutionConfigurationPlatforms) = preSolution
		Debug|Any CPU = Debug|Any CPU
		Release|Any CPU = Release|Any CPU
	EndGlobalSection
	GlobalSection(ProjectConfigurationPlatforms) = postSolution
		{38D9E273-BAED-46B7-A512-D2B8D8FFD7B7}.Debug|Any CPU.ActiveCfg = Debug|Any CPU
		{38D9E273-BAED-46B7-A512-D2B8D8FFD7B7}.Debug|Any CPU.Build.0 = Debug|Any CPU
		{38D9E273-BAED-46B7-A512-D2B8D8FFD7B7}.Release|Any CPU.ActiveCfg = Release|Any CPU
		{38D9E273-BAED-46B7-A512-D2B8D8FFD7B7}.Release|Any CPU.Build.0 = Release|Any CPU
	EndGlobalSection
	GlobalSection(SolutionProperties) = preSolution
		HideSolutionNode = FALSE
	EndGlobalSection
	GlobalSection(ExtensibilityGlobals) = postSolution
		SolutionGuid = {5DCB4B9E-58C9-43FE-A0D8-90054D3D8FBA}
	EndGlobalSection
EndGlobal
