
Microsoft Visual Studio Solution File, Format Version 12.00
# Visual Studio Version 16
VisualStudioVersion = 16.0.29102.190
MinimumVisualStudioVersion = 10.0.40219.1
Project("{FAE04EC0-301F-11D3-BF4B-00C04F79EFBC}") = "kiso010", "kiso010\kiso010.csproj", "{44A76DFA-F348-4CFE-B7C6-B272250F3195}"
EndProject
Global
	GlobalSection(SolutionConfigurationPlatforms) = preSolution
		Debug|Any CPU = Debug|Any CPU
		Release|Any CPU = Release|Any CPU
	EndGlobalSection
	GlobalSection(ProjectConfigurationPlatforms) = postSolution
		{44A76DFA-F348-4CFE-B7C6-B272250F3195}.Debug|Any CPU.ActiveCfg = Debug|Any CPU
		{44A76DFA-F348-4CFE-B7C6-B272250F3195}.Debug|Any CPU.Build.0 = Debug|Any CPU
		{44A76DFA-F348-4CFE-B7C6-B272250F3195}.Release|Any CPU.ActiveCfg = Release|Any CPU
		{44A76DFA-F348-4CFE-B7C6-B272250F3195}.Release|Any CPU.Build.0 = Release|Any CPU
	EndGlobalSection
	GlobalSection(SolutionProperties) = preSolution
		HideSolutionNode = FALSE
	EndGlobalSection
	GlobalSection(ExtensibilityGlobals) = postSolution
		SolutionGuid = {D60A9333-85CC-4DB0-AED0-0D18D4B6832D}
	EndGlobalSection
EndGlobal
