
Microsoft Visual Studio Solution File, Format Version 12.00
# Visual Studio Version 16
VisualStudioVersion = 16.0.29102.190
MinimumVisualStudioVersion = 10.0.40219.1
Project("{FAE04EC0-301F-11D3-BF4B-00C04F79EFBC}") = "ui062", "ui062\ui062.csproj", "{808ADBC4-65E3-477F-8521-79016508DE23}"
EndProject
Global
	GlobalSection(SolutionConfigurationPlatforms) = preSolution
		Debug|Any CPU = Debug|Any CPU
		Release|Any CPU = Release|Any CPU
	EndGlobalSection
	GlobalSection(ProjectConfigurationPlatforms) = postSolution
		{808ADBC4-65E3-477F-8521-79016508DE23}.Debug|Any CPU.ActiveCfg = Debug|Any CPU
		{808ADBC4-65E3-477F-8521-79016508DE23}.Debug|Any CPU.Build.0 = Debug|Any CPU
		{808ADBC4-65E3-477F-8521-79016508DE23}.Release|Any CPU.ActiveCfg = Release|Any CPU
		{808ADBC4-65E3-477F-8521-79016508DE23}.Release|Any CPU.Build.0 = Release|Any CPU
	EndGlobalSection
	GlobalSection(SolutionProperties) = preSolution
		HideSolutionNode = FALSE
	EndGlobalSection
	GlobalSection(ExtensibilityGlobals) = postSolution
		SolutionGuid = {E1698C74-5D38-4E86-BB25-38081738996A}
	EndGlobalSection
EndGlobal
