
Microsoft Visual Studio Solution File, Format Version 12.00
# Visual Studio Version 16
VisualStudioVersion = 16.0.29102.190
MinimumVisualStudioVersion = 10.0.40219.1
Project("{FAE04EC0-301F-11D3-BF4B-00C04F79EFBC}") = "ui091", "ui091\ui091.csproj", "{A89F38F4-7C07-45A5-8834-984D2681BA08}"
EndProject
Global
	GlobalSection(SolutionConfigurationPlatforms) = preSolution
		Debug|Any CPU = Debug|Any CPU
		Release|Any CPU = Release|Any CPU
	EndGlobalSection
	GlobalSection(ProjectConfigurationPlatforms) = postSolution
		{A89F38F4-7C07-45A5-8834-984D2681BA08}.Debug|Any CPU.ActiveCfg = Debug|Any CPU
		{A89F38F4-7C07-45A5-8834-984D2681BA08}.Debug|Any CPU.Build.0 = Debug|Any CPU
		{A89F38F4-7C07-45A5-8834-984D2681BA08}.Release|Any CPU.ActiveCfg = Release|Any CPU
		{A89F38F4-7C07-45A5-8834-984D2681BA08}.Release|Any CPU.Build.0 = Release|Any CPU
	EndGlobalSection
	GlobalSection(SolutionProperties) = preSolution
		HideSolutionNode = FALSE
	EndGlobalSection
	GlobalSection(ExtensibilityGlobals) = postSolution
		SolutionGuid = {8BA89988-5BD7-4858-9993-EAB97413D526}
	EndGlobalSection
EndGlobal
