
Microsoft Visual Studio Solution File, Format Version 12.00
# Visual Studio Version 16
VisualStudioVersion = 16.0.29102.190
MinimumVisualStudioVersion = 10.0.40219.1
Project("{FAE04EC0-301F-11D3-BF4B-00C04F79EFBC}") = "ui120", "ui120\ui120.csproj", "{D6EF20EF-AFFE-44F6-8E3F-96E1BF65EE87}"
EndProject
Global
	GlobalSection(SolutionConfigurationPlatforms) = preSolution
		Debug|Any CPU = Debug|Any CPU
		Release|Any CPU = Release|Any CPU
	EndGlobalSection
	GlobalSection(ProjectConfigurationPlatforms) = postSolution
		{D6EF20EF-AFFE-44F6-8E3F-96E1BF65EE87}.Debug|Any CPU.ActiveCfg = Debug|Any CPU
		{D6EF20EF-AFFE-44F6-8E3F-96E1BF65EE87}.Debug|Any CPU.Build.0 = Debug|Any CPU
		{D6EF20EF-AFFE-44F6-8E3F-96E1BF65EE87}.Release|Any CPU.ActiveCfg = Release|Any CPU
		{D6EF20EF-AFFE-44F6-8E3F-96E1BF65EE87}.Release|Any CPU.Build.0 = Release|Any CPU
	EndGlobalSection
	GlobalSection(SolutionProperties) = preSolution
		HideSolutionNode = FALSE
	EndGlobalSection
	GlobalSection(ExtensibilityGlobals) = postSolution
		SolutionGuid = {5E1458DF-31E6-4FFF-84CC-2012D277C003}
	EndGlobalSection
EndGlobal
