
Microsoft Visual Studio Solution File, Format Version 12.00
# Visual Studio Version 16
VisualStudioVersion = 16.0.29102.190
MinimumVisualStudioVersion = 10.0.40219.1
Project("{FAE04EC0-301F-11D3-BF4B-00C04F79EFBC}") = "ui115", "ui115\ui115.csproj", "{4DA2D9E1-D964-4FFE-B93B-8548396CDDF3}"
EndProject
Global
	GlobalSection(SolutionConfigurationPlatforms) = preSolution
		Debug|Any CPU = Debug|Any CPU
		Release|Any CPU = Release|Any CPU
	EndGlobalSection
	GlobalSection(ProjectConfigurationPlatforms) = postSolution
		{4DA2D9E1-D964-4FFE-B93B-8548396CDDF3}.Debug|Any CPU.ActiveCfg = Debug|Any CPU
		{4DA2D9E1-D964-4FFE-B93B-8548396CDDF3}.Debug|Any CPU.Build.0 = Debug|Any CPU
		{4DA2D9E1-D964-4FFE-B93B-8548396CDDF3}.Release|Any CPU.ActiveCfg = Release|Any CPU
		{4DA2D9E1-D964-4FFE-B93B-8548396CDDF3}.Release|Any CPU.Build.0 = Release|Any CPU
	EndGlobalSection
	GlobalSection(SolutionProperties) = preSolution
		HideSolutionNode = FALSE
	EndGlobalSection
	GlobalSection(ExtensibilityGlobals) = postSolution
		SolutionGuid = {137E0EE3-570D-45EE-8FF3-D45735BE6660}
	EndGlobalSection
EndGlobal
