
Microsoft Visual Studio Solution File, Format Version 12.00
# Visual Studio Version 16
VisualStudioVersion = 16.0.29102.190
MinimumVisualStudioVersion = 10.0.40219.1
Project("{FAE04EC0-301F-11D3-BF4B-00C04F79EFBC}") = "ui037", "ui037\ui037.csproj", "{E7681806-BB17-4BE0-B0E3-EEFFB3868F52}"
EndProject
Global
	GlobalSection(SolutionConfigurationPlatforms) = preSolution
		Debug|Any CPU = Debug|Any CPU
		Release|Any CPU = Release|Any CPU
	EndGlobalSection
	GlobalSection(ProjectConfigurationPlatforms) = postSolution
		{E7681806-BB17-4BE0-B0E3-EEFFB3868F52}.Debug|Any CPU.ActiveCfg = Debug|Any CPU
		{E7681806-BB17-4BE0-B0E3-EEFFB3868F52}.Debug|Any CPU.Build.0 = Debug|Any CPU
		{E7681806-BB17-4BE0-B0E3-EEFFB3868F52}.Release|Any CPU.ActiveCfg = Release|Any CPU
		{E7681806-BB17-4BE0-B0E3-EEFFB3868F52}.Release|Any CPU.Build.0 = Release|Any CPU
	EndGlobalSection
	GlobalSection(SolutionProperties) = preSolution
		HideSolutionNode = FALSE
	EndGlobalSection
	GlobalSection(ExtensibilityGlobals) = postSolution
		SolutionGuid = {795049F3-F9A1-4E38-82CB-ABB5972007C5}
	EndGlobalSection
EndGlobal
