
Microsoft Visual Studio Solution File, Format Version 12.00
# Visual Studio Version 16
VisualStudioVersion = 16.0.29102.190
MinimumVisualStudioVersion = 10.0.40219.1
Project("{FAE04EC0-301F-11D3-BF4B-00C04F79EFBC}") = "ui107", "ui107\ui107.csproj", "{7D2A6A9D-2E7E-4463-94E0-846F7FDD1ADA}"
EndProject
Global
	GlobalSection(SolutionConfigurationPlatforms) = preSolution
		Debug|Any CPU = Debug|Any CPU
		Release|Any CPU = Release|Any CPU
	EndGlobalSection
	GlobalSection(ProjectConfigurationPlatforms) = postSolution
		{7D2A6A9D-2E7E-4463-94E0-846F7FDD1ADA}.Debug|Any CPU.ActiveCfg = Debug|Any CPU
		{7D2A6A9D-2E7E-4463-94E0-846F7FDD1ADA}.Debug|Any CPU.Build.0 = Debug|Any CPU
		{7D2A6A9D-2E7E-4463-94E0-846F7FDD1ADA}.Release|Any CPU.ActiveCfg = Release|Any CPU
		{7D2A6A9D-2E7E-4463-94E0-846F7FDD1ADA}.Release|Any CPU.Build.0 = Release|Any CPU
	EndGlobalSection
	GlobalSection(SolutionProperties) = preSolution
		HideSolutionNode = FALSE
	EndGlobalSection
	GlobalSection(ExtensibilityGlobals) = postSolution
		SolutionGuid = {13D896A6-BF63-427E-9459-5AE30FB958E0}
	EndGlobalSection
EndGlobal
