
Microsoft Visual Studio Solution File, Format Version 12.00
# Visual Studio Version 16
VisualStudioVersion = 16.0.29102.190
MinimumVisualStudioVersion = 10.0.40219.1
Project("{FAE04EC0-301F-11D3-BF4B-00C04F79EFBC}") = "ui097", "ui097\ui097.csproj", "{62B5E579-2913-4F19-856F-9BA888692DAF}"
EndProject
Global
	GlobalSection(SolutionConfigurationPlatforms) = preSolution
		Debug|Any CPU = Debug|Any CPU
		Release|Any CPU = Release|Any CPU
	EndGlobalSection
	GlobalSection(ProjectConfigurationPlatforms) = postSolution
		{62B5E579-2913-4F19-856F-9BA888692DAF}.Debug|Any CPU.ActiveCfg = Debug|Any CPU
		{62B5E579-2913-4F19-856F-9BA888692DAF}.Debug|Any CPU.Build.0 = Debug|Any CPU
		{62B5E579-2913-4F19-856F-9BA888692DAF}.Release|Any CPU.ActiveCfg = Release|Any CPU
		{62B5E579-2913-4F19-856F-9BA888692DAF}.Release|Any CPU.Build.0 = Release|Any CPU
	EndGlobalSection
	GlobalSection(SolutionProperties) = preSolution
		HideSolutionNode = FALSE
	EndGlobalSection
	GlobalSection(ExtensibilityGlobals) = postSolution
		SolutionGuid = {51150096-B533-461D-B9E1-ADF08FE91B5C}
	EndGlobalSection
EndGlobal
