
Microsoft Visual Studio Solution File, Format Version 12.00
# Visual Studio Version 16
VisualStudioVersion = 16.0.29326.143
MinimumVisualStudioVersion = 10.0.40219.1
Project("{FAE04EC0-301F-11D3-BF4B-00C04F79EFBC}") = "net433", "net433\net433.csproj", "{15476CBD-0C98-4B93-8346-DE3A2E0AB8CD}"
EndProject
Global
	GlobalSection(SolutionConfigurationPlatforms) = preSolution
		Debug|Any CPU = Debug|Any CPU
		Release|Any CPU = Release|Any CPU
	EndGlobalSection
	GlobalSection(ProjectConfigurationPlatforms) = postSolution
		{15476CBD-0C98-4B93-8346-DE3A2E0AB8CD}.Debug|Any CPU.ActiveCfg = Debug|Any CPU
		{15476CBD-0C98-4B93-8346-DE3A2E0AB8CD}.Debug|Any CPU.Build.0 = Debug|Any CPU
		{15476CBD-0C98-4B93-8346-DE3A2E0AB8CD}.Release|Any CPU.ActiveCfg = Release|Any CPU
		{15476CBD-0C98-4B93-8346-DE3A2E0AB8CD}.Release|Any CPU.Build.0 = Release|Any CPU
	EndGlobalSection
	GlobalSection(SolutionProperties) = preSolution
		HideSolutionNode = FALSE
	EndGlobalSection
	GlobalSection(ExtensibilityGlobals) = postSolution
		SolutionGuid = {CEB6EE88-28E2-49CC-9B1F-AB0A21BA3D33}
	EndGlobalSection
EndGlobal
