
Microsoft Visual Studio Solution File, Format Version 12.00
# Visual Studio Version 16
VisualStudioVersion = 16.0.29326.143
MinimumVisualStudioVersion = 10.0.40219.1
Project("{FAE04EC0-301F-11D3-BF4B-00C04F79EFBC}") = "web445", "web445\web445.csproj", "{947E9183-C6C3-4988-9504-1F2F65F82E74}"
EndProject
Global
	GlobalSection(SolutionConfigurationPlatforms) = preSolution
		Debug|Any CPU = Debug|Any CPU
		Release|Any CPU = Release|Any CPU
	EndGlobalSection
	GlobalSection(ProjectConfigurationPlatforms) = postSolution
		{947E9183-C6C3-4988-9504-1F2F65F82E74}.Debug|Any CPU.ActiveCfg = Debug|Any CPU
		{947E9183-C6C3-4988-9504-1F2F65F82E74}.Debug|Any CPU.Build.0 = Debug|Any CPU
		{947E9183-C6C3-4988-9504-1F2F65F82E74}.Release|Any CPU.ActiveCfg = Release|Any CPU
		{947E9183-C6C3-4988-9504-1F2F65F82E74}.Release|Any CPU.Build.0 = Release|Any CPU
	EndGlobalSection
	GlobalSection(SolutionProperties) = preSolution
		HideSolutionNode = FALSE
	EndGlobalSection
	GlobalSection(ExtensibilityGlobals) = postSolution
		SolutionGuid = {92D1BECC-7983-4657-A449-8F6702F6AA4F}
	EndGlobalSection
EndGlobal
