
Microsoft Visual Studio Solution File, Format Version 12.00
# Visual Studio Version 16
VisualStudioVersion = 16.0.29102.190
MinimumVisualStudioVersion = 10.0.40219.1
Project("{FAE04EC0-301F-11D3-BF4B-00C04F79EFBC}") = "ui116", "ui116\ui116.csproj", "{3A14D1C2-5E34-4E7B-B9E6-9B3D41A443DF}"
EndProject
Global
	GlobalSection(SolutionConfigurationPlatforms) = preSolution
		Debug|Any CPU = Debug|Any CPU
		Release|Any CPU = Release|Any CPU
	EndGlobalSection
	GlobalSection(ProjectConfigurationPlatforms) = postSolution
		{3A14D1C2-5E34-4E7B-B9E6-9B3D41A443DF}.Debug|Any CPU.ActiveCfg = Debug|Any CPU
		{3A14D1C2-5E34-4E7B-B9E6-9B3D41A443DF}.Debug|Any CPU.Build.0 = Debug|Any CPU
		{3A14D1C2-5E34-4E7B-B9E6-9B3D41A443DF}.Release|Any CPU.ActiveCfg = Release|Any CPU
		{3A14D1C2-5E34-4E7B-B9E6-9B3D41A443DF}.Release|Any CPU.Build.0 = Release|Any CPU
	EndGlobalSection
	GlobalSection(SolutionProperties) = preSolution
		HideSolutionNode = FALSE
	EndGlobalSection
	GlobalSection(ExtensibilityGlobals) = postSolution
		SolutionGuid = {AF64553C-E556-4038-9594-A4C96FEE414F}
	EndGlobalSection
EndGlobal
