
Microsoft Visual Studio Solution File, Format Version 12.00
# Visual Studio Version 16
VisualStudioVersion = 16.0.29102.190
MinimumVisualStudioVersion = 10.0.40219.1
Project("{FAE04EC0-301F-11D3-BF4B-00C04F79EFBC}") = "ui046", "ui046\ui046.csproj", "{B7569129-CC20-4EF7-9DE4-CDE70DDD5231}"
EndProject
Global
	GlobalSection(SolutionConfigurationPlatforms) = preSolution
		Debug|Any CPU = Debug|Any CPU
		Release|Any CPU = Release|Any CPU
	EndGlobalSection
	GlobalSection(ProjectConfigurationPlatforms) = postSolution
		{B7569129-CC20-4EF7-9DE4-CDE70DDD5231}.Debug|Any CPU.ActiveCfg = Debug|Any CPU
		{B7569129-CC20-4EF7-9DE4-CDE70DDD5231}.Debug|Any CPU.Build.0 = Debug|Any CPU
		{B7569129-CC20-4EF7-9DE4-CDE70DDD5231}.Release|Any CPU.ActiveCfg = Release|Any CPU
		{B7569129-CC20-4EF7-9DE4-CDE70DDD5231}.Release|Any CPU.Build.0 = Release|Any CPU
	EndGlobalSection
	GlobalSection(SolutionProperties) = preSolution
		HideSolutionNode = FALSE
	EndGlobalSection
	GlobalSection(ExtensibilityGlobals) = postSolution
		SolutionGuid = {CC57EBD7-7487-4347-8760-D9EB31DC93AF}
	EndGlobalSection
EndGlobal
