
Microsoft Visual Studio Solution File, Format Version 12.00
# Visual Studio Version 17
VisualStudioVersion = 17.11.35222.181
MinimumVisualStudioVersion = 10.0.40219.1
Project("{FAE04EC0-301F-11D3-BF4B-00C04F79EFBC}") = "aspnetMVCProject", "aspnetMVCProject\aspnetMVCProject.csproj", "{6C5F3E3A-7D3F-4685-8719-DCD369AA7430}"
EndProject
Project("{2150E333-8FDC-42A3-9474-1A3956D46DE8}") = "ソリューション項目", "ソリューション項目", "{C175BD95-47D5-42FF-B5DF-999F438E6864}"
	ProjectSection(SolutionItems) = preProject
		log4net.config = log4net.config
	EndProjectSection
EndProject
Global
	GlobalSection(SolutionConfigurationPlatforms) = preSolution
		Debug|Any CPU = Debug|Any CPU
		Release|Any CPU = Release|Any CPU
	EndGlobalSection
	GlobalSection(ProjectConfigurationPlatforms) = postSolution
		{6C5F3E3A-7D3F-4685-8719-DCD369AA7430}.Debug|Any CPU.ActiveCfg = Debug|Any CPU
		{6C5F3E3A-7D3F-4685-8719-DCD369AA7430}.Debug|Any CPU.Build.0 = Debug|Any CPU
		{6C5F3E3A-7D3F-4685-8719-DCD369AA7430}.Release|Any CPU.ActiveCfg = Release|Any CPU
		{6C5F3E3A-7D3F-4685-8719-DCD369AA7430}.Release|Any CPU.Build.0 = Release|Any CPU
	EndGlobalSection
	GlobalSection(SolutionProperties) = preSolution
		HideSolutionNode = FALSE
	EndGlobalSection
	GlobalSection(ExtensibilityGlobals) = postSolution
		SolutionGuid = {FE22AE4B-87E5-4513-8D45-2B8FA204EC8C}
	EndGlobalSection
EndGlobal
