
Microsoft Visual Studio Solution File, Format Version 12.00
# Visual Studio Version 16
VisualStudioVersion = 16.0.29326.143
MinimumVisualStudioVersion = 10.0.40219.1
Project("{FAE04EC0-301F-11D3-BF4B-00C04F79EFBC}") = "web461", "web461\web461.csproj", "{403ECC52-1E24-4670-848F-2F06FBCE312D}"
EndProject
Global
	GlobalSection(SolutionConfigurationPlatforms) = preSolution
		Debug|Any CPU = Debug|Any CPU
		Release|Any CPU = Release|Any CPU
	EndGlobalSection
	GlobalSection(ProjectConfigurationPlatforms) = postSolution
		{403ECC52-1E24-4670-848F-2F06FBCE312D}.Debug|Any CPU.ActiveCfg = Debug|Any CPU
		{403ECC52-1E24-4670-848F-2F06FBCE312D}.Debug|Any CPU.Build.0 = Debug|Any CPU
		{403ECC52-1E24-4670-848F-2F06FBCE312D}.Release|Any CPU.ActiveCfg = Release|Any CPU
		{403ECC52-1E24-4670-848F-2F06FBCE312D}.Release|Any CPU.Build.0 = Release|Any CPU
	EndGlobalSection
	GlobalSection(SolutionProperties) = preSolution
		HideSolutionNode = FALSE
	EndGlobalSection
	GlobalSection(ExtensibilityGlobals) = postSolution
		SolutionGuid = {A60E6196-C168-405B-88E2-AA332D47850F}
	EndGlobalSection
EndGlobal
