
Microsoft Visual Studio Solution File, Format Version 12.00
# Visual Studio Version 16
VisualStudioVersion = 16.0.29326.143
MinimumVisualStudioVersion = 10.0.40219.1
Project("{FAE04EC0-301F-11D3-BF4B-00C04F79EFBC}") = "web465", "web465\web465.csproj", "{1B5C0B2F-CE1F-49BA-8476-91B39788AC0A}"
EndProject
Global
	GlobalSection(SolutionConfigurationPlatforms) = preSolution
		Debug|Any CPU = Debug|Any CPU
		Release|Any CPU = Release|Any CPU
	EndGlobalSection
	GlobalSection(ProjectConfigurationPlatforms) = postSolution
		{1B5C0B2F-CE1F-49BA-8476-91B39788AC0A}.Debug|Any CPU.ActiveCfg = Debug|Any CPU
		{1B5C0B2F-CE1F-49BA-8476-91B39788AC0A}.Debug|Any CPU.Build.0 = Debug|Any CPU
		{1B5C0B2F-CE1F-49BA-8476-91B39788AC0A}.Release|Any CPU.ActiveCfg = Release|Any CPU
		{1B5C0B2F-CE1F-49BA-8476-91B39788AC0A}.Release|Any CPU.Build.0 = Release|Any CPU
	EndGlobalSection
	GlobalSection(SolutionProperties) = preSolution
		HideSolutionNode = FALSE
	EndGlobalSection
	GlobalSection(ExtensibilityGlobals) = postSolution
		SolutionGuid = {812B044C-735F-4CCE-8159-A3724753A99D}
	EndGlobalSection
EndGlobal
