
Microsoft Visual Studio Solution File, Format Version 12.00
# Visual Studio Version 16
VisualStudioVersion = 16.0.29102.190
MinimumVisualStudioVersion = 10.0.40219.1
Project("{FAE04EC0-301F-11D3-BF4B-00C04F79EFBC}") = "ui101", "ui101\ui101.csproj", "{A2D9D612-B13D-49B7-9D72-03DF56884A69}"
EndProject
Global
	GlobalSection(SolutionConfigurationPlatforms) = preSolution
		Debug|Any CPU = Debug|Any CPU
		Release|Any CPU = Release|Any CPU
	EndGlobalSection
	GlobalSection(ProjectConfigurationPlatforms) = postSolution
		{A2D9D612-B13D-49B7-9D72-03DF56884A69}.Debug|Any CPU.ActiveCfg = Debug|Any CPU
		{A2D9D612-B13D-49B7-9D72-03DF56884A69}.Debug|Any CPU.Build.0 = Debug|Any CPU
		{A2D9D612-B13D-49B7-9D72-03DF56884A69}.Release|Any CPU.ActiveCfg = Release|Any CPU
		{A2D9D612-B13D-49B7-9D72-03DF56884A69}.Release|Any CPU.Build.0 = Release|Any CPU
	EndGlobalSection
	GlobalSection(SolutionProperties) = preSolution
		HideSolutionNode = FALSE
	EndGlobalSection
	GlobalSection(ExtensibilityGlobals) = postSolution
		SolutionGuid = {B498DA3B-037E-4AE4-8378-C7131DDDAA5E}
	EndGlobalSection
EndGlobal
