
Microsoft Visual Studio Solution File, Format Version 12.00
# Visual Studio Version 16
VisualStudioVersion = 16.0.29326.143
MinimumVisualStudioVersion = 10.0.40219.1
Project("{FAE04EC0-301F-11D3-BF4B-00C04F79EFBC}") = "web440", "web440\web440.csproj", "{8848C827-4290-4988-814C-FDF98999F838}"
EndProject
Global
	GlobalSection(SolutionConfigurationPlatforms) = preSolution
		Debug|Any CPU = Debug|Any CPU
		Release|Any CPU = Release|Any CPU
	EndGlobalSection
	GlobalSection(ProjectConfigurationPlatforms) = postSolution
		{8848C827-4290-4988-814C-FDF98999F838}.Debug|Any CPU.ActiveCfg = Debug|Any CPU
		{8848C827-4290-4988-814C-FDF98999F838}.Debug|Any CPU.Build.0 = Debug|Any CPU
		{8848C827-4290-4988-814C-FDF98999F838}.Release|Any CPU.ActiveCfg = Release|Any CPU
		{8848C827-4290-4988-814C-FDF98999F838}.Release|Any CPU.Build.0 = Release|Any CPU
	EndGlobalSection
	GlobalSection(SolutionProperties) = preSolution
		HideSolutionNode = FALSE
	EndGlobalSection
	GlobalSection(ExtensibilityGlobals) = postSolution
		SolutionGuid = {FABA94ED-6BF6-44B8-8A95-F7BC539FA14B}
	EndGlobalSection
EndGlobal
