
Microsoft Visual Studio Solution File, Format Version 12.00
# Visual Studio Version 16
VisualStudioVersion = 16.0.29102.190
MinimumVisualStudioVersion = 10.0.40219.1
Project("{FAE04EC0-301F-11D3-BF4B-00C04F79EFBC}") = "ui076", "ui076\ui076.csproj", "{B98EF204-2D9E-42BE-BA8F-5079CF35B279}"
EndProject
Global
	GlobalSection(SolutionConfigurationPlatforms) = preSolution
		Debug|Any CPU = Debug|Any CPU
		Release|Any CPU = Release|Any CPU
	EndGlobalSection
	GlobalSection(ProjectConfigurationPlatforms) = postSolution
		{B98EF204-2D9E-42BE-BA8F-5079CF35B279}.Debug|Any CPU.ActiveCfg = Debug|Any CPU
		{B98EF204-2D9E-42BE-BA8F-5079CF35B279}.Debug|Any CPU.Build.0 = Debug|Any CPU
		{B98EF204-2D9E-42BE-BA8F-5079CF35B279}.Release|Any CPU.ActiveCfg = Release|Any CPU
		{B98EF204-2D9E-42BE-BA8F-5079CF35B279}.Release|Any CPU.Build.0 = Release|Any CPU
	EndGlobalSection
	GlobalSection(SolutionProperties) = preSolution
		HideSolutionNode = FALSE
	EndGlobalSection
	GlobalSection(ExtensibilityGlobals) = postSolution
		SolutionGuid = {34191C23-B16C-4366-8ABF-D720B5605A42}
	EndGlobalSection
EndGlobal
