Microsoft Visual Studio Solution File, Format Version 12.00
# Visual Studio Version 16
VisualStudioVersion = 16.0.29326.143
MinimumVisualStudioVersion = 10.0.40219.1
Project("{9A19103F-16F7-4668-BE54-9A1E7A4F7556}") = "web470", "web470\web470.csproj", "{3DBFD0A7-A6D8-4CF5-85FB-2DE2657F4A65}"
EndProject
Project("{FAE04EC0-301F-11D3-BF4B-00C04F79EFBC}") = "client", "client\client.csproj", "{0381175D-D3C1-4AC7-A496-D1194FD61867}"
EndProject
Global
	GlobalSection(SolutionConfigurationPlatforms) = preSolution
		Debug|Any CPU = Debug|Any CPU
		Release|Any CPU = Release|Any CPU
	EndGlobalSection
	GlobalSection(ProjectConfigurationPlatforms) = postSolution
		{3DBFD0A7-A6D8-4CF5-85FB-2DE2657F4A65}.Debug|Any CPU.ActiveCfg = Debug|Any CPU
		{3DBFD0A7-A6D8-4CF5-85FB-2DE2657F4A65}.Debug|Any CPU.Build.0 = Debug|Any CPU
		{3DBFD0A7-A6D8-4CF5-85FB-2DE2657F4A65}.Release|Any CPU.ActiveCfg = Release|Any CPU
		{3DBFD0A7-A6D8-4CF5-85FB-2DE2657F4A65}.Release|Any CPU.Build.0 = Release|Any CPU
		{0381175D-D3C1-4AC7-A496-D1194FD61867}.Debug|Any CPU.ActiveCfg = Debug|Any CPU
		{0381175D-D3C1-4AC7-A496-D1194FD61867}.Debug|Any CPU.Build.0 = Debug|Any CPU
		{0381175D-D3C1-4AC7-A496-D1194FD61867}.Release|Any CPU.ActiveCfg = Release|Any CPU
		{0381175D-D3C1-4AC7-A496-D1194FD61867}.Release|Any CPU.Build.0 = Release|Any CPU
	EndGlobalSection
	GlobalSection(SolutionProperties) = preSolution
		HideSolutionNode = FALSE
	EndGlobalSection
	GlobalSection(ExtensibilityGlobals) = postSolution
		SolutionGuid = {010F159B-38A1-499E-AAC0-BB46F7F7D4CC}
	EndGlobalSection
EndGlobal
