
Microsoft Visual Studio Solution File, Format Version 12.00
# Visual Studio Version 16
VisualStudioVersion = 16.0.29102.190
MinimumVisualStudioVersion = 10.0.40219.1
Project("{FAE04EC0-301F-11D3-BF4B-00C04F79EFBC}") = "ui085", "ui085\ui085.csproj", "{A9063F09-42B9-4457-801E-3503E885BD74}"
EndProject
Global
	GlobalSection(SolutionConfigurationPlatforms) = preSolution
		Debug|Any CPU = Debug|Any CPU
		Release|Any CPU = Release|Any CPU
	EndGlobalSection
	GlobalSection(ProjectConfigurationPlatforms) = postSolution
		{A9063F09-42B9-4457-801E-3503E885BD74}.Debug|Any CPU.ActiveCfg = Debug|Any CPU
		{A9063F09-42B9-4457-801E-3503E885BD74}.Debug|Any CPU.Build.0 = Debug|Any CPU
		{A9063F09-42B9-4457-801E-3503E885BD74}.Release|Any CPU.ActiveCfg = Release|Any CPU
		{A9063F09-42B9-4457-801E-3503E885BD74}.Release|Any CPU.Build.0 = Release|Any CPU
	EndGlobalSection
	GlobalSection(SolutionProperties) = preSolution
		HideSolutionNode = FALSE
	EndGlobalSection
	GlobalSection(ExtensibilityGlobals) = postSolution
		SolutionGuid = {E2B8200F-E1B7-4583-8E7A-B4697C787287}
	EndGlobalSection
EndGlobal
