
Microsoft Visual Studio Solution File, Format Version 12.00
# Visual Studio Version 16
VisualStudioVersion = 16.0.29102.190
MinimumVisualStudioVersion = 10.0.40219.1
Project("{FAE04EC0-301F-11D3-BF4B-00C04F79EFBC}") = "ui053", "ui053\ui053.csproj", "{C57C6FAB-34E3-4A14-857D-5684E22DEF83}"
EndProject
Global
	GlobalSection(SolutionConfigurationPlatforms) = preSolution
		Debug|Any CPU = Debug|Any CPU
		Release|Any CPU = Release|Any CPU
	EndGlobalSection
	GlobalSection(ProjectConfigurationPlatforms) = postSolution
		{C57C6FAB-34E3-4A14-857D-5684E22DEF83}.Debug|Any CPU.ActiveCfg = Debug|Any CPU
		{C57C6FAB-34E3-4A14-857D-5684E22DEF83}.Debug|Any CPU.Build.0 = Debug|Any CPU
		{C57C6FAB-34E3-4A14-857D-5684E22DEF83}.Release|Any CPU.ActiveCfg = Release|Any CPU
		{C57C6FAB-34E3-4A14-857D-5684E22DEF83}.Release|Any CPU.Build.0 = Release|Any CPU
	EndGlobalSection
	GlobalSection(SolutionProperties) = preSolution
		HideSolutionNode = FALSE
	EndGlobalSection
	GlobalSection(ExtensibilityGlobals) = postSolution
		SolutionGuid = {607E897C-6275-4337-8905-7E4614631C27}
	EndGlobalSection
EndGlobal
