
Microsoft Visual Studio Solution File, Format Version 12.00
# Visual Studio Version 16
VisualStudioVersion = 16.0.29102.190
MinimumVisualStudioVersion = 10.0.40219.1
Project("{FAE04EC0-301F-11D3-BF4B-00C04F79EFBC}") = "ui060", "ui060\ui060.csproj", "{40E399D6-37DD-4F1E-8A3D-7BF0C6B92BF4}"
EndProject
Global
	GlobalSection(SolutionConfigurationPlatforms) = preSolution
		Debug|Any CPU = Debug|Any CPU
		Release|Any CPU = Release|Any CPU
	EndGlobalSection
	GlobalSection(ProjectConfigurationPlatforms) = postSolution
		{40E399D6-37DD-4F1E-8A3D-7BF0C6B92BF4}.Debug|Any CPU.ActiveCfg = Debug|Any CPU
		{40E399D6-37DD-4F1E-8A3D-7BF0C6B92BF4}.Debug|Any CPU.Build.0 = Debug|Any CPU
		{40E399D6-37DD-4F1E-8A3D-7BF0C6B92BF4}.Release|Any CPU.ActiveCfg = Release|Any CPU
		{40E399D6-37DD-4F1E-8A3D-7BF0C6B92BF4}.Release|Any CPU.Build.0 = Release|Any CPU
	EndGlobalSection
	GlobalSection(SolutionProperties) = preSolution
		HideSolutionNode = FALSE
	EndGlobalSection
	GlobalSection(ExtensibilityGlobals) = postSolution
		SolutionGuid = {FBFD69ED-2173-4C07-8A68-A5FF803E274A}
	EndGlobalSection
EndGlobal
