
Microsoft Visual Studio Solution File, Format Version 12.00
# Visual Studio Version 16
VisualStudioVersion = 16.0.29102.190
MinimumVisualStudioVersion = 10.0.40219.1
Project("{FAE04EC0-301F-11D3-BF4B-00C04F79EFBC}") = "ui099", "ui099\ui099.csproj", "{C269ED74-300B-406A-B97E-FE1FB5804039}"
EndProject
Global
	GlobalSection(SolutionConfigurationPlatforms) = preSolution
		Debug|Any CPU = Debug|Any CPU
		Release|Any CPU = Release|Any CPU
	EndGlobalSection
	GlobalSection(ProjectConfigurationPlatforms) = postSolution
		{C269ED74-300B-406A-B97E-FE1FB5804039}.Debug|Any CPU.ActiveCfg = Debug|Any CPU
		{C269ED74-300B-406A-B97E-FE1FB5804039}.Debug|Any CPU.Build.0 = Debug|Any CPU
		{C269ED74-300B-406A-B97E-FE1FB5804039}.Release|Any CPU.ActiveCfg = Release|Any CPU
		{C269ED74-300B-406A-B97E-FE1FB5804039}.Release|Any CPU.Build.0 = Release|Any CPU
	EndGlobalSection
	GlobalSection(SolutionProperties) = preSolution
		HideSolutionNode = FALSE
	EndGlobalSection
	GlobalSection(ExtensibilityGlobals) = postSolution
		SolutionGuid = {191C9336-DBCF-4292-8677-7C3DF1714050}
	EndGlobalSection
EndGlobal
