
Microsoft Visual Studio Solution File, Format Version 12.00
# Visual Studio Version 16
VisualStudioVersion = 16.0.29102.190
MinimumVisualStudioVersion = 10.0.40219.1
Project("{FAE04EC0-301F-11D3-BF4B-00C04F79EFBC}") = "Proj035", "Proj035\Proj035.csproj", "{C0913DBC-38DD-4574-9938-B653AB5B079F}"
EndProject
Global
	GlobalSection(SolutionConfigurationPlatforms) = preSolution
		Debug|Any CPU = Debug|Any CPU
		Release|Any CPU = Release|Any CPU
	EndGlobalSection
	GlobalSection(ProjectConfigurationPlatforms) = postSolution
		{C0913DBC-38DD-4574-9938-B653AB5B079F}.Debug|Any CPU.ActiveCfg = Debug|Any CPU
		{C0913DBC-38DD-4574-9938-B653AB5B079F}.Debug|Any CPU.Build.0 = Debug|Any CPU
		{C0913DBC-38DD-4574-9938-B653AB5B079F}.Release|Any CPU.ActiveCfg = Release|Any CPU
		{C0913DBC-38DD-4574-9938-B653AB5B079F}.Release|Any CPU.Build.0 = Release|Any CPU
	EndGlobalSection
	GlobalSection(SolutionProperties) = preSolution
		HideSolutionNode = FALSE
	EndGlobalSection
	GlobalSection(ExtensibilityGlobals) = postSolution
		SolutionGuid = {26E3CCC9-241A-408C-956E-9060AF8C6681}
	EndGlobalSection
EndGlobal
