
Microsoft Visual Studio Solution File, Format Version 12.00
# Visual Studio Version 16
VisualStudioVersion = 16.0.29102.190
MinimumVisualStudioVersion = 10.0.40219.1
Project("{FAE04EC0-301F-11D3-BF4B-00C04F79EFBC}") = "ui042", "ui042\ui042.csproj", "{7B8712A6-9BE3-40DA-AC46-0ACF41F5AABF}"
EndProject
Global
	GlobalSection(SolutionConfigurationPlatforms) = preSolution
		Debug|Any CPU = Debug|Any CPU
		Release|Any CPU = Release|Any CPU
	EndGlobalSection
	GlobalSection(ProjectConfigurationPlatforms) = postSolution
		{7B8712A6-9BE3-40DA-AC46-0ACF41F5AABF}.Debug|Any CPU.ActiveCfg = Debug|Any CPU
		{7B8712A6-9BE3-40DA-AC46-0ACF41F5AABF}.Debug|Any CPU.Build.0 = Debug|Any CPU
		{7B8712A6-9BE3-40DA-AC46-0ACF41F5AABF}.Release|Any CPU.ActiveCfg = Release|Any CPU
		{7B8712A6-9BE3-40DA-AC46-0ACF41F5AABF}.Release|Any CPU.Build.0 = Release|Any CPU
	EndGlobalSection
	GlobalSection(SolutionProperties) = preSolution
		HideSolutionNode = FALSE
	EndGlobalSection
	GlobalSection(ExtensibilityGlobals) = postSolution
		SolutionGuid = {B37E42F9-F072-45E2-88A5-6A80B9367DA6}
	EndGlobalSection
EndGlobal
