
Microsoft Visual Studio Solution File, Format Version 12.00
# Visual Studio Version 16
VisualStudioVersion = 16.0.29102.190
MinimumVisualStudioVersion = 10.0.40219.1
Project("{FAE04EC0-301F-11D3-BF4B-00C04F79EFBC}") = "ui039", "ui039\ui039.csproj", "{3D7AAC5C-926F-49F2-9057-B4960EC2F198}"
EndProject
Global
	GlobalSection(SolutionConfigurationPlatforms) = preSolution
		Debug|Any CPU = Debug|Any CPU
		Release|Any CPU = Release|Any CPU
	EndGlobalSection
	GlobalSection(ProjectConfigurationPlatforms) = postSolution
		{3D7AAC5C-926F-49F2-9057-B4960EC2F198}.Debug|Any CPU.ActiveCfg = Debug|Any CPU
		{3D7AAC5C-926F-49F2-9057-B4960EC2F198}.Debug|Any CPU.Build.0 = Debug|Any CPU
		{3D7AAC5C-926F-49F2-9057-B4960EC2F198}.Release|Any CPU.ActiveCfg = Release|Any CPU
		{3D7AAC5C-926F-49F2-9057-B4960EC2F198}.Release|Any CPU.Build.0 = Release|Any CPU
	EndGlobalSection
	GlobalSection(SolutionProperties) = preSolution
		HideSolutionNode = FALSE
	EndGlobalSection
	GlobalSection(ExtensibilityGlobals) = postSolution
		SolutionGuid = {3277130B-B811-4718-A63E-001C0D2EFCC7}
	EndGlobalSection
EndGlobal
