
Microsoft Visual Studio Solution File, Format Version 12.00
# Visual Studio Version 16
VisualStudioVersion = 16.0.29102.190
MinimumVisualStudioVersion = 10.0.40219.1
Project("{FAE04EC0-301F-11D3-BF4B-00C04F79EFBC}") = "ui043", "ui043\ui043.csproj", "{550C0E27-7925-4A24-8A7B-2861F76DA262}"
EndProject
Global
	GlobalSection(SolutionConfigurationPlatforms) = preSolution
		Debug|Any CPU = Debug|Any CPU
		Release|Any CPU = Release|Any CPU
	EndGlobalSection
	GlobalSection(ProjectConfigurationPlatforms) = postSolution
		{550C0E27-7925-4A24-8A7B-2861F76DA262}.Debug|Any CPU.ActiveCfg = Debug|Any CPU
		{550C0E27-7925-4A24-8A7B-2861F76DA262}.Debug|Any CPU.Build.0 = Debug|Any CPU
		{550C0E27-7925-4A24-8A7B-2861F76DA262}.Release|Any CPU.ActiveCfg = Release|Any CPU
		{550C0E27-7925-4A24-8A7B-2861F76DA262}.Release|Any CPU.Build.0 = Release|Any CPU
	EndGlobalSection
	GlobalSection(SolutionProperties) = preSolution
		HideSolutionNode = FALSE
	EndGlobalSection
	GlobalSection(ExtensibilityGlobals) = postSolution
		SolutionGuid = {006EF678-367A-486E-95D7-9762E6452D0A}
	EndGlobalSection
EndGlobal
