
Microsoft Visual Studio Solution File, Format Version 12.00
# Visual Studio Version 16
VisualStudioVersion = 16.0.29102.190
MinimumVisualStudioVersion = 10.0.40219.1
Project("{FAE04EC0-301F-11D3-BF4B-00C04F79EFBC}") = "ui044", "ui044\ui044.csproj", "{8EA31D9E-F2EA-45CA-9338-37F2C423A333}"
EndProject
Global
	GlobalSection(SolutionConfigurationPlatforms) = preSolution
		Debug|Any CPU = Debug|Any CPU
		Release|Any CPU = Release|Any CPU
	EndGlobalSection
	GlobalSection(ProjectConfigurationPlatforms) = postSolution
		{8EA31D9E-F2EA-45CA-9338-37F2C423A333}.Debug|Any CPU.ActiveCfg = Debug|Any CPU
		{8EA31D9E-F2EA-45CA-9338-37F2C423A333}.Debug|Any CPU.Build.0 = Debug|Any CPU
		{8EA31D9E-F2EA-45CA-9338-37F2C423A333}.Release|Any CPU.ActiveCfg = Release|Any CPU
		{8EA31D9E-F2EA-45CA-9338-37F2C423A333}.Release|Any CPU.Build.0 = Release|Any CPU
	EndGlobalSection
	GlobalSection(SolutionProperties) = preSolution
		HideSolutionNode = FALSE
	EndGlobalSection
	GlobalSection(ExtensibilityGlobals) = postSolution
		SolutionGuid = {D55CDBA7-8F1A-4226-9C22-4C2E9521E6E1}
	EndGlobalSection
EndGlobal
