
Microsoft Visual Studio Solution File, Format Version 12.00
# Visual Studio Version 16
VisualStudioVersion = 16.0.29326.143
MinimumVisualStudioVersion = 10.0.40219.1
Project("{FAE04EC0-301F-11D3-BF4B-00C04F79EFBC}") = "web442", "web442\web442.csproj", "{0C613F92-2DC6-4AC7-9E9A-D44138AE01EE}"
EndProject
Global
	GlobalSection(SolutionConfigurationPlatforms) = preSolution
		Debug|Any CPU = Debug|Any CPU
		Release|Any CPU = Release|Any CPU
	EndGlobalSection
	GlobalSection(ProjectConfigurationPlatforms) = postSolution
		{0C613F92-2DC6-4AC7-9E9A-D44138AE01EE}.Debug|Any CPU.ActiveCfg = Debug|Any CPU
		{0C613F92-2DC6-4AC7-9E9A-D44138AE01EE}.Debug|Any CPU.Build.0 = Debug|Any CPU
		{0C613F92-2DC6-4AC7-9E9A-D44138AE01EE}.Release|Any CPU.ActiveCfg = Release|Any CPU
		{0C613F92-2DC6-4AC7-9E9A-D44138AE01EE}.Release|Any CPU.Build.0 = Release|Any CPU
	EndGlobalSection
	GlobalSection(SolutionProperties) = preSolution
		HideSolutionNode = FALSE
	EndGlobalSection
	GlobalSection(ExtensibilityGlobals) = postSolution
		SolutionGuid = {E0C6B120-DD33-45A2-8826-FC2F10ABF882}
	EndGlobalSection
EndGlobal
